
Microsoft Visual Studio Solution File, Format Version 12.00
# Visual Studio 2013
VisualStudioVersion = 12.0.30324.0
MinimumVisualStudioVersion = 10.0.40219.1
Project("{FAE04EC0-301F-11D3-BF4B-00C04F79EFBC}") = "WalletManager", "WalletManager\WalletManager.csproj", "{C45B7184-2A96-41EA-85E0-389160FDF23A}"
EndProject
Global
	GlobalSection(SolutionConfigurationPlatforms) = preSolution
		Debug|Any CPU = Debug|Any CPU
		Release|Any CPU = Release|Any CPU
	EndGlobalSection
	GlobalSection(ProjectConfigurationPlatforms) = postSolution
		{C45B7184-2A96-41EA-85E0-389160FDF23A}.Debug|Any CPU.ActiveCfg = Debug|Any CPU
		{C45B7184-2A96-41EA-85E0-389160FDF23A}.Debug|Any CPU.Build.0 = Debug|Any CPU
		{C45B7184-2A96-41EA-85E0-389160FDF23A}.Release|Any CPU.ActiveCfg = Release|Any CPU
		{C45B7184-2A96-41EA-85E0-389160FDF23A}.Release|Any CPU.Build.0 = Release|Any CPU
	EndGlobalSection
	GlobalSection(SolutionProperties) = preSolution
		HideSolutionNode = FALSE
	EndGlobalSection
EndGlobal
